<?xml version="1.0" encoding="UTF-8" standalone="yes" ?>
<CodeBlocks_project_file>
	<FileVersion major="1" minor="6" />
	<Project>
		<Option title="jojojo" />
		<Option pch_mode="2" />
		<Option compiler="ming64_whit_g" />
		<Build>
			<Target title="Debug">
				<Option output="bin/Debug/jojojo" prefix_auto="1" extension_auto="1" />
				<Option object_output="obj/Debug/" />
				<Option type="1" />
				<Option compiler="ming64_whit_g" />
				<Compiler>
					<Add option="-g" />
					<Add directory="include" />
				</Compiler>
				<Linker>
					<Add library="C:/SFML-2.4.2/lib/libsfml-graphics-d.a" />
					<Add library="C:/SFML-2.4.2/lib/libsfml-window-d.a" />
					<Add library="C:/SFML-2.4.2/lib/libsfml-system-d.a" />
					<Add library="C:/SFML-2.4.2/lib/libsfml-audio-d.a" />
				</Linker>
			</Target>
			<Target title="Release">
				<Option output="bin/Release/jojojo" prefix_auto="1" extension_auto="1" />
				<Option object_output="obj/Release/" />
				<Option type="1" />
				<Option compiler="ming64_whit_g" />
				<Compiler>
					<Add option="-O2" />
					<Add directory="include" />
				</Compiler>
				<Linker>
					<Add option="-s" />
					<Add library="C:/SFML-2.4.2/lib/libsfml-graphics-d.a" />
					<Add library="C:/SFML-2.4.2/lib/libsfml-window-d.a" />
					<Add library="C:/SFML-2.4.2/lib/libsfml-system-d.a" />
					<Add library="C:/SFML-2.4.2/lib/libsfml-audio-d.a" />
				</Linker>
			</Target>
		</Build>
		<Compiler>
			<Add option="-Wall" />
			<Add directory="C:/SFML-2.4.2/include" />
		</Compiler>
		<Linker>
			<Add directory="C:/SFML-2.4.2/lib" />
		</Linker>
		<Unit filename="Game.cpp" />
		<Unit filename="Game.h" />
		<Unit filename="include/Cube.h" />
		<Unit filename="include/HerenciaPadre.h" />
		<Unit filename="include/InfoPlayer.h" />
		<Unit filename="include/Instructions.h" />
		<Unit filename="include/Libre.h" />
		<Unit filename="include/MenuPrincipal.h" />
		<Unit filename="include/Piece.h" />
		<Unit filename="include/Window.h" />
		<Unit filename="include/WithMoviments.h" />
		<Unit filename="include/WithTime.h" />
		<Unit filename="main.cpp" />
		<Unit filename="src/Cube.cpp" />
		<Unit filename="src/HerenciaPadre.cpp" />
		<Unit filename="src/InfoPlayer.cpp" />
		<Unit filename="src/Instructions.cpp" />
		<Unit filename="src/Libre.cpp" />
		<Unit filename="src/MenuPrincipal.cpp" />
		<Unit filename="src/Piece.cpp" />
		<Unit filename="src/Window.cpp" />
		<Unit filename="src/WithMoviments.cpp" />
		<Unit filename="src/WithTime.cpp" />
		<Unit filename="test.cpp" />
		<Extensions>
			<code_completion />
			<envvars />
			<debugger />
			<lib_finder disable_auto="1" />
		</Extensions>
	</Project>
</CodeBlocks_project_file>
